PODS:
  - FLKAutoLayout (0.2.1)
  - PulsingHalo (0.1.0)
  - Realm (0.100.0):
    - Realm/Headers (= 0.100.0)
  - Realm/Headers (0.100.0)
  - RealmSwift (0.100.0):
    - Realm (= 0.100.0)

DEPENDENCIES:
  - FLKAutoLayout (<= 1.0)
  - PulsingHalo
  - RealmSwift (<= 0.101)

SPEC CHECKSUMS:
  FLKAutoLayout: 9db6b30c2008d230da608e62c607b11c23b942e6
  PulsingHalo: d2684152281a3f7398b9554734b9a4f8feb9129a
  Realm: b13b548e712d28a66678970c45cd245ebb94ba3b
  RealmSwift: 1bb0ba2ceaa06b65d740b4f91bfa06e3fd1b805c

COCOAPODS: 0.39.0
